
Microsoft Visual Studio Solution File, Format Version 12.00
# Visual Studio Version 17
VisualStudioVersion = 17.9.34728.123
MinimumVisualStudioVersion = 10.0.40219.1
Project("{9A19103F-16F7-4668-BE54-9A1E7A4F7556}") = "BlazorTicTacToe", "BlazorTicTacToe\BlazorTicTacToe\BlazorTicTacToe.csproj", "{C4FB4D6C-43DB-4AC6-B824-F957F103708E}"
EndProject
Project("{9A19103F-16F7-4668-BE54-9A1E7A4F7556}") = "BlazorTicTacToe.Client", "BlazorTicTacToe\BlazorTicTacToe.Client\BlazorTicTacToe.Client.csproj", "{80F98A84-7FD3-491D-9782-7F9C388B47C5}"
EndProject
Global
	GlobalSection(SolutionConfigurationPlatforms) = preSolution
		Debug|Any CPU = Debug|Any CPU
		Release|Any CPU = Release|Any CPU
	EndGlobalSection
	GlobalSection(ProjectConfigurationPlatforms) = postSolution
		{C4FB4D6C-43DB-4AC6-B824-F957F103708E}.Debug|Any CPU.ActiveCfg = Debug|Any CPU
		{C4FB4D6C-43DB-4AC6-B824-F957F103708E}.Debug|Any CPU.Build.0 = Debug|Any CPU
		{C4FB4D6C-43DB-4AC6-B824-F957F103708E}.Release|Any CPU.ActiveCfg = Release|Any CPU
		{C4FB4D6C-43DB-4AC6-B824-F957F103708E}.Release|Any CPU.Build.0 = Release|Any CPU
		{80F98A84-7FD3-491D-9782-7F9C388B47C5}.Debug|Any CPU.ActiveCfg = Debug|Any CPU
		{80F98A84-7FD3-491D-9782-7F9C388B47C5}.Debug|Any CPU.Build.0 = Debug|Any CPU
		{80F98A84-7FD3-491D-9782-7F9C388B47C5}.Release|Any CPU.ActiveCfg = Release|Any CPU
		{80F98A84-7FD3-491D-9782-7F9C388B47C5}.Release|Any CPU.Build.0 = Release|Any CPU
	EndGlobalSection
	GlobalSection(SolutionProperties) = preSolution
		HideSolutionNode = FALSE
	EndGlobalSection
	GlobalSection(ExtensibilityGlobals) = postSolution
		SolutionGuid = {5B206E04-9C73-4F53-82A5-5E73EE748FCC}
	EndGlobalSection
EndGlobal
